# This file is automatically @generated by Poetry 1.6.1 and should not be changed by hand.

[[package]]
name = "shipyard-templates"
version = "0.5.0a0"
description = "Super classes for blueprint development"
optional = false
python-versions = ">=3.7,<3.10"
files = [
    {file = "shipyard_templates-0.5.0a0-py3-none-any.whl", hash = "sha256:e9776fd24097416fc8542017c69313caee7d6286ecc9868f143af1874b399c3d"},
    {file = "shipyard_templates-0.5.0a0.tar.gz", hash = "sha256:7d570f41e65b1da3e4b3809a61abe9cfa4629a1b9d9fe6fa2aadbbd5da3be70a"},
]

[metadata]
lock-version = "2.0"
python-versions = ">=3.7, <3.10"
content-hash = "6fb795ce29f18d150185a2d6b781ce26d39ad38697874ca8f697203ab890c39b"
