# This file is automatically @generated by Poetry 1.4.2 and should not be changed by hand.

[[package]]
name = "python-dotenv"
version = "1.0.1"
description = "Read key-value pairs from a .env file and set them as environment variables"
category = "main"
optional = false
python-versions = ">=3.8"
files = [
    {file = "python-dotenv-1.0.1.tar.gz", hash = "sha256:e324ee90a023d808f1959c46bcbc04446a10ced277783dc6ee09987c37ec10ca"},
    {file = "python_dotenv-1.0.1-py3-none-any.whl", hash = "sha256:f7b63ef50f1b690dddf550d03497b66d609393b40b564ed0d674909a68ebf16a"},
]

[package.extras]
cli = ["click (>=5.0)"]

[[package]]
name = "shipyard-bp-utils"
version = "1.0.2"
description = "Utility functions for blueprints"
category = "main"
optional = false
python-versions = "*"
files = []
develop = true

[package.source]
type = "directory"
url = "../shipyard-bp-utils"

[[package]]
name = "shipyard-templates"
version = "0.6.2"
description = "Super classes for blueprint development"
category = "main"
optional = false
python-versions = ">=3.9"
files = [
    {file = "shipyard_templates-0.6.2-py3-none-any.whl", hash = "sha256:e4e90bd04729416c70d5209b444346cb1c1d1d7eb9704289bc8ff444f494f39d"},
    {file = "shipyard_templates-0.6.2.tar.gz", hash = "sha256:65961be691cb5ca09bd96918c587dd21fc9e380f1b7fe0b9dd14583890f67cec"},
]

[[package]]
name = "slack-sdk"
version = "3.27.0"
description = "The Slack API Platform SDK for Python"
category = "main"
optional = false
python-versions = ">=3.6"
files = [
    {file = "slack_sdk-3.27.0-py2.py3-none-any.whl", hash = "sha256:a901c68cb5547d5459cdefd81343d116db56d65f6b33f4081ddf1cdd243bf07e"},
    {file = "slack_sdk-3.27.0.tar.gz", hash = "sha256:811472ce598db855ab3c02f098fa430323ccb253cfe17ba20c7b05ab206d984d"},
]

[package.extras]
optional = ["SQLAlchemy (>=1.4,<3)", "aiodns (>1.0)", "aiohttp (>=3.7.3,<4)", "boto3 (<=2)", "websocket-client (>=1,<2)", "websockets (>=10,<11)", "websockets (>=9.1,<10)"]

[metadata]
lock-version = "2.0"
python-versions = "^3.9"
content-hash = "246b14801b43816e0219c7ec712946f63e50d8fe9b572cef46217b1f7e945261"
