# This file is automatically @generated by Poetry 1.4.2 and should not be changed by hand.

[[package]]
name = "numpy"
version = "1.26.3"
description = "Fundamental package for array computing in Python"
category = "main"
optional = false
python-versions = ">=3.9"
files = [
    {file = "numpy-1.26.3-cp310-cp310-macosx_10_9_x86_64.whl", hash = "sha256:806dd64230dbbfaca8a27faa64e2f414bf1c6622ab78cc4264f7f5f028fee3bf"},
    {file = "numpy-1.26.3-cp310-cp310-macosx_11_0_arm64.whl", hash = "sha256:02f98011ba4ab17f46f80f7f8f1c291ee7d855fcef0a5a98db80767a468c85cd"},
    {file = "numpy-1.26.3-cp310-cp310-manylinux_2_17_aarch64.manylinux2014_aarch64.whl", hash = "sha256:6d45b3ec2faed4baca41c76617fcdcfa4f684ff7a151ce6fc78ad3b6e85af0a6"},
    {file = "numpy-1.26.3-cp310-cp310-manylinux_2_17_x86_64.manylinux2014_x86_64.whl", hash = "sha256:bdd2b45bf079d9ad90377048e2747a0c82351989a2165821f0c96831b4a2a54b"},
    {file = "numpy-1.26.3-cp310-cp310-musllinux_1_1_aarch64.whl", hash = "sha256:211ddd1e94817ed2d175b60b6374120244a4dd2287f4ece45d49228b4d529178"},
    {file = "numpy-1.26.3-cp310-cp310-musllinux_1_1_x86_64.whl", hash = "sha256:b1240f767f69d7c4c8a29adde2310b871153df9b26b5cb2b54a561ac85146485"},
    {file = "numpy-1.26.3-cp310-cp310-win32.whl", hash = "sha256:21a9484e75ad018974a2fdaa216524d64ed4212e418e0a551a2d83403b0531d3"},
    {file = "numpy-1.26.3-cp310-cp310-win_amd64.whl", hash = "sha256:9e1591f6ae98bcfac2a4bbf9221c0b92ab49762228f38287f6eeb5f3f55905ce"},
    {file = "numpy-1.26.3-cp311-cp311-macosx_10_9_x86_64.whl", hash = "sha256:b831295e5472954104ecb46cd98c08b98b49c69fdb7040483aff799a755a7374"},
    {file = "numpy-1.26.3-cp311-cp311-macosx_11_0_arm64.whl", hash = "sha256:9e87562b91f68dd8b1c39149d0323b42e0082db7ddb8e934ab4c292094d575d6"},
    {file = "numpy-1.26.3-cp311-cp311-manylinux_2_17_aarch64.manylinux2014_aarch64.whl", hash = "sha256:8c66d6fec467e8c0f975818c1796d25c53521124b7cfb760114be0abad53a0a2"},
    {file = "numpy-1.26.3-cp311-cp311-manylinux_2_17_x86_64.manylinux2014_x86_64.whl", hash = "sha256:f25e2811a9c932e43943a2615e65fc487a0b6b49218899e62e426e7f0a57eeda"},
    {file = "numpy-1.26.3-cp311-cp311-musllinux_1_1_aarch64.whl", hash = "sha256:af36e0aa45e25c9f57bf684b1175e59ea05d9a7d3e8e87b7ae1a1da246f2767e"},
    {file = "numpy-1.26.3-cp311-cp311-musllinux_1_1_x86_64.whl", hash = "sha256:51c7f1b344f302067b02e0f5b5d2daa9ed4a721cf49f070280ac202738ea7f00"},
    {file = "numpy-1.26.3-cp311-cp311-win32.whl", hash = "sha256:7ca4f24341df071877849eb2034948459ce3a07915c2734f1abb4018d9c49d7b"},
    {file = "numpy-1.26.3-cp311-cp311-win_amd64.whl", hash = "sha256:39763aee6dfdd4878032361b30b2b12593fb445ddb66bbac802e2113eb8a6ac4"},
    {file = "numpy-1.26.3-cp312-cp312-macosx_10_9_x86_64.whl", hash = "sha256:a7081fd19a6d573e1a05e600c82a1c421011db7935ed0d5c483e9dd96b99cf13"},
    {file = "numpy-1.26.3-cp312-cp312-macosx_11_0_arm64.whl", hash = "sha256:12c70ac274b32bc00c7f61b515126c9205323703abb99cd41836e8125ea0043e"},
    {file = "numpy-1.26.3-cp312-cp312-manylinux_2_17_aarch64.manylinux2014_aarch64.whl", hash = "sha256:7f784e13e598e9594750b2ef6729bcd5a47f6cfe4a12cca13def35e06d8163e3"},
    {file = "numpy-1.26.3-cp312-cp312-manylinux_2_17_x86_64.manylinux2014_x86_64.whl", hash = "sha256:5f24750ef94d56ce6e33e4019a8a4d68cfdb1ef661a52cdaee628a56d2437419"},
    {file = "numpy-1.26.3-cp312-cp312-musllinux_1_1_aarch64.whl", hash = "sha256:77810ef29e0fb1d289d225cabb9ee6cf4d11978a00bb99f7f8ec2132a84e0166"},
    {file = "numpy-1.26.3-cp312-cp312-musllinux_1_1_x86_64.whl", hash = "sha256:8ed07a90f5450d99dad60d3799f9c03c6566709bd53b497eb9ccad9a55867f36"},
    {file = "numpy-1.26.3-cp312-cp312-win32.whl", hash = "sha256:f73497e8c38295aaa4741bdfa4fda1a5aedda5473074369eca10626835445511"},
    {file = "numpy-1.26.3-cp312-cp312-win_amd64.whl", hash = "sha256:da4b0c6c699a0ad73c810736303f7fbae483bcb012e38d7eb06a5e3b432c981b"},
    {file = "numpy-1.26.3-cp39-cp39-macosx_10_9_x86_64.whl", hash = "sha256:1666f634cb3c80ccbd77ec97bc17337718f56d6658acf5d3b906ca03e90ce87f"},
    {file = "numpy-1.26.3-cp39-cp39-macosx_11_0_arm64.whl", hash = "sha256:18c3319a7d39b2c6a9e3bb75aab2304ab79a811ac0168a671a62e6346c29b03f"},
    {file = "numpy-1.26.3-cp39-cp39-manylinux_2_17_aarch64.manylinux2014_aarch64.whl", hash = "sha256:0b7e807d6888da0db6e7e75838444d62495e2b588b99e90dd80c3459594e857b"},
    {file = "numpy-1.26.3-cp39-cp39-manylinux_2_17_x86_64.manylinux2014_x86_64.whl", hash = "sha256:b4d362e17bcb0011738c2d83e0a65ea8ce627057b2fdda37678f4374a382a137"},
    {file = "numpy-1.26.3-cp39-cp39-musllinux_1_1_aarch64.whl", hash = "sha256:b8c275f0ae90069496068c714387b4a0eba5d531aace269559ff2b43655edd58"},
    {file = "numpy-1.26.3-cp39-cp39-musllinux_1_1_x86_64.whl", hash = "sha256:cc0743f0302b94f397a4a65a660d4cd24267439eb16493fb3caad2e4389bccbb"},
    {file = "numpy-1.26.3-cp39-cp39-win32.whl", hash = "sha256:9bc6d1a7f8cedd519c4b7b1156d98e051b726bf160715b769106661d567b3f03"},
    {file = "numpy-1.26.3-cp39-cp39-win_amd64.whl", hash = "sha256:867e3644e208c8922a3be26fc6bbf112a035f50f0a86497f98f228c50c607bb2"},
    {file = "numpy-1.26.3-pp39-pypy39_pp73-macosx_10_9_x86_64.whl", hash = "sha256:3c67423b3703f8fbd90f5adaa37f85b5794d3366948efe9a5190a5f3a83fc34e"},
    {file = "numpy-1.26.3-pp39-pypy39_pp73-manylinux_2_17_x86_64.manylinux2014_x86_64.whl", hash = "sha256:46f47ee566d98849323f01b349d58f2557f02167ee301e5e28809a8c0e27a2d0"},
    {file = "numpy-1.26.3-pp39-pypy39_pp73-win_amd64.whl", hash = "sha256:a8474703bffc65ca15853d5fd4d06b18138ae90c17c8d12169968e998e448bb5"},
    {file = "numpy-1.26.3.tar.gz", hash = "sha256:697df43e2b6310ecc9d95f05d5ef20eacc09c7c4ecc9da3f235d39e71b7da1e4"},
]

[[package]]
name = "pandas"
version = "1.3.5"
description = "Powerful data structures for data analysis, time series, and statistics"
category = "main"
optional = false
python-versions = ">=3.7.1"
files = [
    {file = "pandas-1.3.5-cp310-cp310-macosx_10_9_universal2.whl", hash = "sha256:62d5b5ce965bae78f12c1c0df0d387899dd4211ec0bdc52822373f13a3a022b9"},
    {file = "pandas-1.3.5-cp310-cp310-macosx_10_9_x86_64.whl", hash = "sha256:adfeb11be2d54f275142c8ba9bf67acee771b7186a5745249c7d5a06c670136b"},
    {file = "pandas-1.3.5-cp310-cp310-macosx_11_0_arm64.whl", hash = "sha256:60a8c055d58873ad81cae290d974d13dd479b82cbb975c3e1fa2cf1920715296"},
    {file = "pandas-1.3.5-cp310-cp310-manylinux_2_17_aarch64.manylinux2014_aarch64.whl", hash = "sha256:fd541ab09e1f80a2a1760032d665f6e032d8e44055d602d65eeea6e6e85498cb"},
    {file = "pandas-1.3.5-cp310-cp310-manylinux_2_17_x86_64.manylinux2014_x86_64.whl", hash = "sha256:2651d75b9a167cc8cc572cf787ab512d16e316ae00ba81874b560586fa1325e0"},
    {file = "pandas-1.3.5-cp310-cp310-win_amd64.whl", hash = "sha256:aaf183a615ad790801fa3cf2fa450e5b6d23a54684fe386f7e3208f8b9bfbef6"},
    {file = "pandas-1.3.5-cp37-cp37m-macosx_10_9_x86_64.whl", hash = "sha256:344295811e67f8200de2390093aeb3c8309f5648951b684d8db7eee7d1c81fb7"},
    {file = "pandas-1.3.5-cp37-cp37m-manylinux_2_17_aarch64.manylinux2014_aarch64.whl", hash = "sha256:552020bf83b7f9033b57cbae65589c01e7ef1544416122da0c79140c93288f56"},
    {file = "pandas-1.3.5-cp37-cp37m-manylinux_2_17_x86_64.manylinux2014_x86_64.whl", hash = "sha256:5cce0c6bbeb266b0e39e35176ee615ce3585233092f685b6a82362523e59e5b4"},
    {file = "pandas-1.3.5-cp37-cp37m-manylinux_2_5_i686.manylinux1_i686.manylinux_2_17_i686.manylinux2014_i686.whl", hash = "sha256:7d28a3c65463fd0d0ba8bbb7696b23073efee0510783340a44b08f5e96ffce0c"},
    {file = "pandas-1.3.5-cp37-cp37m-win32.whl", hash = "sha256:a62949c626dd0ef7de11de34b44c6475db76995c2064e2d99c6498c3dba7fe58"},
    {file = "pandas-1.3.5-cp37-cp37m-win_amd64.whl", hash = "sha256:8025750767e138320b15ca16d70d5cdc1886e8f9cc56652d89735c016cd8aea6"},
    {file = "pandas-1.3.5-cp38-cp38-macosx_10_9_x86_64.whl", hash = "sha256:fe95bae4e2d579812865db2212bb733144e34d0c6785c0685329e5b60fcb85dd"},
    {file = "pandas-1.3.5-cp38-cp38-manylinux_2_17_aarch64.manylinux2014_aarch64.whl", hash = "sha256:5f261553a1e9c65b7a310302b9dbac31cf0049a51695c14ebe04e4bfd4a96f02"},
    {file = "pandas-1.3.5-cp38-cp38-manylinux_2_17_x86_64.manylinux2014_x86_64.whl", hash = "sha256:8b6dbec5f3e6d5dc80dcfee250e0a2a652b3f28663492f7dab9a24416a48ac39"},
    {file = "pandas-1.3.5-cp38-cp38-manylinux_2_5_i686.manylinux1_i686.manylinux_2_17_i686.manylinux2014_i686.whl", hash = "sha256:d3bc49af96cd6285030a64779de5b3688633a07eb75c124b0747134a63f4c05f"},
    {file = "pandas-1.3.5-cp38-cp38-win32.whl", hash = "sha256:b6b87b2fb39e6383ca28e2829cddef1d9fc9e27e55ad91ca9c435572cdba51bf"},
    {file = "pandas-1.3.5-cp38-cp38-win_amd64.whl", hash = "sha256:a395692046fd8ce1edb4c6295c35184ae0c2bbe787ecbe384251da609e27edcb"},
    {file = "pandas-1.3.5-cp39-cp39-macosx_10_9_x86_64.whl", hash = "sha256:bd971a3f08b745a75a86c00b97f3007c2ea175951286cdda6abe543e687e5f2f"},
    {file = "pandas-1.3.5-cp39-cp39-manylinux_2_17_aarch64.manylinux2014_aarch64.whl", hash = "sha256:37f06b59e5bc05711a518aa10beaec10942188dccb48918bb5ae602ccbc9f1a0"},
    {file = "pandas-1.3.5-cp39-cp39-manylinux_2_17_x86_64.manylinux2014_x86_64.whl", hash = "sha256:2c21778a688d3712d35710501f8001cdbf96eb70a7c587a3d5613573299fdca6"},
    {file = "pandas-1.3.5-cp39-cp39-manylinux_2_5_i686.manylinux1_i686.manylinux_2_17_i686.manylinux2014_i686.whl", hash = "sha256:3345343206546545bc26a05b4602b6a24385b5ec7c75cb6059599e3d56831da2"},
    {file = "pandas-1.3.5-cp39-cp39-win32.whl", hash = "sha256:c69406a2808ba6cf580c2255bcf260b3f214d2664a3a4197d0e640f573b46fd3"},
    {file = "pandas-1.3.5-cp39-cp39-win_amd64.whl", hash = "sha256:32e1a26d5ade11b547721a72f9bfc4bd113396947606e00d5b4a5b79b3dcb006"},
    {file = "pandas-1.3.5.tar.gz", hash = "sha256:1e4285f5de1012de20ca46b188ccf33521bff61ba5c5ebd78b4fb28e5416a9f1"},
]

[package.dependencies]
numpy = [
    {version = ">=1.17.3", markers = "platform_machine != \"aarch64\" and platform_machine != \"arm64\" and python_version < \"3.10\""},
    {version = ">=1.19.2", markers = "platform_machine == \"aarch64\" and python_version < \"3.10\""},
    {version = ">=1.20.0", markers = "platform_machine == \"arm64\" and python_version < \"3.10\""},
]
python-dateutil = ">=2.7.3"
pytz = ">=2017.3"

[package.extras]
test = ["hypothesis (>=3.58)", "pytest (>=6.0)", "pytest-xdist"]

[[package]]
name = "pymssql"
version = "2.2.11"
description = "DB-API interface to Microsoft SQL Server for Python. (new Cython-based version)"
category = "main"
optional = false
python-versions = "*"
files = [
    {file = "pymssql-2.2.11-cp310-cp310-macosx_11_0_x86_64.whl", hash = "sha256:692ab328ac290bd2031bc4dd6deae32665dfffda1b12aaa92928d3ebc667d5ad"},
    {file = "pymssql-2.2.11-cp310-cp310-manylinux_2_12_i686.manylinux2010_i686.whl", hash = "sha256:723a4612421027a01b51e42e786678a18c4a27613a3ccecf331c026e0cc41353"},
    {file = "pymssql-2.2.11-cp310-cp310-manylinux_2_12_x86_64.manylinux2010_x86_64.whl", hash = "sha256:34ab2373ca607174ad7244cfe955c07b6bc77a1e21d3c3143dbe934dec82c3a4"},
    {file = "pymssql-2.2.11-cp310-cp310-manylinux_2_17_aarch64.manylinux2014_aarch64.whl", hash = "sha256:1bc0ba19b4426c57509f065a03748d9ac230f1543ecdac57175e6ebd213a7bc0"},
    {file = "pymssql-2.2.11-cp310-cp310-manylinux_2_17_i686.manylinux2014_i686.whl", hash = "sha256:e8d9d42a50f6e8e6b356e4e8b2fa1da725344ec0be6f8a6107b7196e5bd74906"},
    {file = "pymssql-2.2.11-cp310-cp310-manylinux_2_17_x86_64.manylinux2014_x86_64.whl", hash = "sha256:aec64022a2419fad9f496f8e310522635e39d092970e1d55375ea0be86725174"},
    {file = "pymssql-2.2.11-cp310-cp310-manylinux_2_28_x86_64.whl", hash = "sha256:c389c8041c94d4058827faf5735df5f8e4c1c1eebdd051859536dc393925a667"},
    {file = "pymssql-2.2.11-cp310-cp310-win32.whl", hash = "sha256:6452326cecd4dcee359a6f8878b827118a8c8523cd24de5b3a971a7a172e4275"},
    {file = "pymssql-2.2.11-cp310-cp310-win_amd64.whl", hash = "sha256:c1bde266dbc91b100abd0311102a6585df09cc963599421cc12fd6b4cfa8e3d3"},
    {file = "pymssql-2.2.11-cp311-cp311-macosx_10_9_universal2.whl", hash = "sha256:6ddaf0597138179517bdbf5b5aa3caffee65987316dc906359a5d0801d0847ee"},
    {file = "pymssql-2.2.11-cp311-cp311-manylinux_2_17_aarch64.manylinux2014_aarch64.whl", hash = "sha256:0c26af25991715431559cb5b37f243b8ff676540f504ed0317774dfc71827af1"},
    {file = "pymssql-2.2.11-cp311-cp311-manylinux_2_17_i686.manylinux2014_i686.whl", hash = "sha256:410e8c40b7c1b421e750cf80ccf2da8d802ed815575758ac9a78c5f6cd995723"},
    {file = "pymssql-2.2.11-cp311-cp311-manylinux_2_17_x86_64.manylinux2014_x86_64.whl", hash = "sha256:fa1767239ed45e1fa91d82fc0c63305750530787cd64089cabbe183eb538a35b"},
    {file = "pymssql-2.2.11-cp311-cp311-manylinux_2_28_x86_64.whl", hash = "sha256:9a644e4158fed30ae9f3846f2f1c74d36fa1610eb552de35b7f611d063fa3c85"},
    {file = "pymssql-2.2.11-cp311-cp311-win32.whl", hash = "sha256:1956c111debe67f69a9c839b33ce420f0e8def1ef5ff9831c03d8ac840f82376"},
    {file = "pymssql-2.2.11-cp311-cp311-win_amd64.whl", hash = "sha256:0bdd1fb49b0e331e47e83f39d4af784c857e230bfc73519654bab29285c51c63"},
    {file = "pymssql-2.2.11-cp312-cp312-macosx_10_9_universal2.whl", hash = "sha256:2609bbd3b715822bb4fa6d457b2985d32ad6ab9580fdb61ae6e0eee251791d24"},
    {file = "pymssql-2.2.11-cp312-cp312-manylinux_2_17_aarch64.manylinux2014_aarch64.whl", hash = "sha256:c382aea9adaaee189f352d7a493e3f76c13f9337ec2b6aa40e76b114fa13ebac"},
    {file = "pymssql-2.2.11-cp312-cp312-manylinux_2_17_i686.manylinux2014_i686.whl", hash = "sha256:5928324a09de7466368c15ece1de4ab5ea968d24943ceade758836f9fc7149f5"},
    {file = "pymssql-2.2.11-cp312-cp312-manylinux_2_17_x86_64.manylinux2014_x86_64.whl", hash = "sha256:ee8b10f797d0bfec626b803891cf9e98480ee11f2e8459a7616cdb7e4e4bf2de"},
    {file = "pymssql-2.2.11-cp312-cp312-manylinux_2_28_x86_64.whl", hash = "sha256:1d5aa1a090b17f4ba75ffac3bb371f6c8c869692b653689396f9b470fde06981"},
    {file = "pymssql-2.2.11-cp312-cp312-win32.whl", hash = "sha256:1f7ba71cf81af65c005173f279928bf86700d295f97e4965e169b5764bc6c4f2"},
    {file = "pymssql-2.2.11-cp312-cp312-win_amd64.whl", hash = "sha256:a0ebb0e40c93f8f1e40aad80f512ae4aa89cb1ec8a96964b9afedcff1d5813fd"},
    {file = "pymssql-2.2.11-cp36-cp36m-macosx_10_14_x86_64.whl", hash = "sha256:e0ed115902956efaca9d9a20fa9b2b604e3e11d640416ca74900d215cdcbf3ab"},
    {file = "pymssql-2.2.11-cp36-cp36m-manylinux_2_12_i686.manylinux2010_i686.whl", hash = "sha256:1a75afa17746972bb61120fb6ea907657fc1ab68250bbbd8b21a00d0720ed0f4"},
    {file = "pymssql-2.2.11-cp36-cp36m-manylinux_2_12_x86_64.manylinux2010_x86_64.whl", hash = "sha256:d2ae69d8e46637a203cfb48e05439fc9e2ff7646fa1f5396aa3577ce52810031"},
    {file = "pymssql-2.2.11-cp36-cp36m-manylinux_2_17_aarch64.manylinux2014_aarch64.whl", hash = "sha256:f13710240457ace5b8c9cca7f4971504656f5703b702895a86386e87c7103801"},
    {file = "pymssql-2.2.11-cp36-cp36m-manylinux_2_17_i686.manylinux2014_i686.whl", hash = "sha256:d7234b0f61dd9ccb2304171b5fd7ed9db133b4ea7c835c9942c9dc5bfc00c1cb"},
    {file = "pymssql-2.2.11-cp36-cp36m-manylinux_2_17_x86_64.manylinux2014_x86_64.whl", hash = "sha256:0dcd76a8cc757c7cfe2d235f232a20d74ac8cebf9feabcdcbda5ef33157d14b1"},
    {file = "pymssql-2.2.11-cp36-cp36m-manylinux_2_28_x86_64.whl", hash = "sha256:84aff3235ad1289c4079c548cfcdf7eaaf2475b9f81557351deb42e8f45a9c2d"},
    {file = "pymssql-2.2.11-cp36-cp36m-manylinux_2_5_i686.manylinux1_i686.whl", hash = "sha256:5b081aa7b02911e3f299f7d1f68ce8ca585a5119d44601bf4483da0aae8c2181"},
    {file = "pymssql-2.2.11-cp36-cp36m-manylinux_2_5_x86_64.manylinux1_x86_64.whl", hash = "sha256:d315f08c106c884d6b42f70c9518e765a5bc23f6d3a587346bc4e6f198768c7a"},
    {file = "pymssql-2.2.11-cp36-cp36m-win32.whl", hash = "sha256:c8b35b3d5e326729e5edb73d593103d2dbfb474bd36ee95b4e85e1f8271ba98a"},
    {file = "pymssql-2.2.11-cp36-cp36m-win_amd64.whl", hash = "sha256:139c5032e0a2765764987803f1266132fcc5da572848ccc4d29cebba794a4260"},
    {file = "pymssql-2.2.11-cp37-cp37m-macosx_11_0_x86_64.whl", hash = "sha256:7bac28aed1d625a002e0289e0c18d1808cecbdc12e2a1a3927dbbaff66e5fff3"},
    {file = "pymssql-2.2.11-cp37-cp37m-manylinux_2_12_i686.manylinux2010_i686.whl", hash = "sha256:4eeaacc1dbbc678f4e80c6fd6fc279468021fdf2e486adc8631ec0de6b6c0e62"},
    {file = "pymssql-2.2.11-cp37-cp37m-manylinux_2_12_x86_64.manylinux2010_x86_64.whl", hash = "sha256:428e32e53c554798bc2d0682a169fcb681df6b68544c4aedd1186018ea7e0447"},
    {file = "pymssql-2.2.11-cp37-cp37m-manylinux_2_17_aarch64.manylinux2014_aarch64.whl", hash = "sha256:2b621c5e32136dabc2fea25696beab0647ec336d25c04ab6d8eb8c8ee92f0e52"},
    {file = "pymssql-2.2.11-cp37-cp37m-manylinux_2_17_i686.manylinux2014_i686.whl", hash = "sha256:658c85474ea01ca3a30de769df06f46681e882524b05c6994cd6fd985c485f27"},
    {file = "pymssql-2.2.11-cp37-cp37m-manylinux_2_17_x86_64.manylinux2014_x86_64.whl", hash = "sha256:070181361ab94bdaeb14b591a35d853f327bc90c660b04047d474274fbb80357"},
    {file = "pymssql-2.2.11-cp37-cp37m-manylinux_2_28_x86_64.whl", hash = "sha256:492e49616b58b2d6caf4a2598cb344572870171a7b65ba1ac61a5e248b6a8e1c"},
    {file = "pymssql-2.2.11-cp37-cp37m-manylinux_2_5_i686.manylinux1_i686.whl", hash = "sha256:803122aec31fbd52f5d65ef3b30b3bd2dc7b2a9e3a8223d16078a25805155c45"},
    {file = "pymssql-2.2.11-cp37-cp37m-manylinux_2_5_x86_64.manylinux1_x86_64.whl", hash = "sha256:09075e129655ab1178d2d60efb9b3fbf5cdb6da2338ecdb3a92c53a4ad7efa0c"},
    {file = "pymssql-2.2.11-cp37-cp37m-win32.whl", hash = "sha256:b4a8377527702d746c490c2ce67d17f1c351d182b49b82fae6e67ae206bf9663"},
    {file = "pymssql-2.2.11-cp37-cp37m-win_amd64.whl", hash = "sha256:167313d91606dc7a3c05b2ad60491a138b7408a8779599ab6430a48a67f133f0"},
    {file = "pymssql-2.2.11-cp38-cp38-macosx_11_0_x86_64.whl", hash = "sha256:8d418f4dca245421242ed9df59d3bcda0cd081650df6deb1bef7f157b6a6f9dd"},
    {file = "pymssql-2.2.11-cp38-cp38-manylinux_2_12_i686.manylinux2010_i686.whl", hash = "sha256:f0c44169df8d23c7ce172bd90ef5deb44caf19f15990e4db266e3193071988a4"},
    {file = "pymssql-2.2.11-cp38-cp38-manylinux_2_12_x86_64.manylinux2010_x86_64.whl", hash = "sha256:b78032e45ea33c55d430b93e55370b900479ea324fae5d5d32486cc0fdc0fedd"},
    {file = "pymssql-2.2.11-cp38-cp38-manylinux_2_17_aarch64.manylinux2014_aarch64.whl", hash = "sha256:984d99ee6a2579f86c536b1b0354ad3dc9701e98a4b3953f1301b4695477cd2f"},
    {file = "pymssql-2.2.11-cp38-cp38-manylinux_2_17_i686.manylinux2014_i686.whl", hash = "sha256:287c8f79a7eca0c6787405797bac0f7c502d9be151f3f823aae12042235f8426"},
    {file = "pymssql-2.2.11-cp38-cp38-manylinux_2_17_x86_64.manylinux2014_x86_64.whl", hash = "sha256:85ea4ea296afcae34bc61e4e0ef2f503270fd4bb097b308a07a9194f1f063aa1"},
    {file = "pymssql-2.2.11-cp38-cp38-manylinux_2_28_x86_64.whl", hash = "sha256:a114633fa02b7eb5bc63520bf07954106c0ed0ce032449c871abb8b8c435a872"},
    {file = "pymssql-2.2.11-cp38-cp38-manylinux_2_5_i686.manylinux1_i686.whl", hash = "sha256:7332db36a537cbc16640a0c3473a2e419aa5bc1f9953cada3212e7b2587de658"},
    {file = "pymssql-2.2.11-cp38-cp38-manylinux_2_5_x86_64.manylinux1_x86_64.whl", hash = "sha256:cd7292d872948c1f67c8cc12158f2c8ed9873d54368139ce1f67b2262ac34029"},
    {file = "pymssql-2.2.11-cp38-cp38-win32.whl", hash = "sha256:fbca115e11685b5891755cc22b3db4348071b8d100a41e1ce93526d9c3dbf2d5"},
    {file = "pymssql-2.2.11-cp38-cp38-win_amd64.whl", hash = "sha256:452b88a4ceca7efb934b5babb365851a3c52e723642092ebc92777397c2cacdb"},
    {file = "pymssql-2.2.11-cp39-cp39-macosx_11_0_x86_64.whl", hash = "sha256:001242cedc73587cbb10aec4069de50febbff3c4c50f9908a215476496b3beab"},
    {file = "pymssql-2.2.11-cp39-cp39-manylinux_2_12_i686.manylinux2010_i686.whl", hash = "sha256:da492482b923b9cc9ad37f0f5592c776279299db2a89c0b7fc931aaefec652d4"},
    {file = "pymssql-2.2.11-cp39-cp39-manylinux_2_12_x86_64.manylinux2010_x86_64.whl", hash = "sha256:139a833e6e72a624e4f2cde803a34a616d5661dd9a5b2ae0402d9d8a597b2f1f"},
    {file = "pymssql-2.2.11-cp39-cp39-manylinux_2_17_aarch64.manylinux2014_aarch64.whl", hash = "sha256:e57fbfad252434d64bdf4b6a935e4241616a4cf8df7af58b9772cd91fce9309a"},
    {file = "pymssql-2.2.11-cp39-cp39-manylinux_2_17_i686.manylinux2014_i686.whl", hash = "sha256:a5308507c2c4e94ede7e5b164870c1ba2be55abab6daf795b5529e2da4e838b6"},
    {file = "pymssql-2.2.11-cp39-cp39-manylinux_2_17_x86_64.manylinux2014_x86_64.whl", hash = "sha256:bdca43c42d5f370358535b2107140ed550d74f9ef0fc95d2d7fa8c4e40ee48c2"},
    {file = "pymssql-2.2.11-cp39-cp39-manylinux_2_28_x86_64.whl", hash = "sha256:fe0cc975aac87b364fdb55cb89642435c3e859dcd99d7260f48af94111ba2673"},
    {file = "pymssql-2.2.11-cp39-cp39-manylinux_2_5_i686.manylinux1_i686.whl", hash = "sha256:4551f50c8a3b6ffbd71f794ee1c0c0134134c5d6414302c2fa28b67fe4470d07"},
    {file = "pymssql-2.2.11-cp39-cp39-manylinux_2_5_x86_64.manylinux1_x86_64.whl", hash = "sha256:ae9818df40588d5a49e7476f05e31cc83dea630d607178d66762ca8cf32e9f77"},
    {file = "pymssql-2.2.11-cp39-cp39-win32.whl", hash = "sha256:15257c7bd89c0283f70d6eaafd9b872201818572b8ba1e8576408ae23ef50c7c"},
    {file = "pymssql-2.2.11-cp39-cp39-win_amd64.whl", hash = "sha256:65bb674c0ba35379bf93d1b2cf06fdc5e7ec56e1d0e9de525bdcf977190b2865"},
    {file = "pymssql-2.2.11.tar.gz", hash = "sha256:15815bf1ff9edb475ec4ef567f23e23c4e828ce119ff5bf98a072b66b8d0ac1b"},
]

[[package]]
name = "pyodbc"
version = "5.0.1"
description = "DB API module for ODBC"
category = "main"
optional = false
python-versions = ">=3.8"
files = [
    {file = "pyodbc-5.0.1-cp310-cp310-macosx_10_9_x86_64.whl", hash = "sha256:9824b175db875a2dd116c7cf16dc3bdf14855404417afd145c5b839da222cb46"},
    {file = "pyodbc-5.0.1-cp310-cp310-macosx_11_0_arm64.whl", hash = "sha256:b4d41d0a10523862aac9e2f578bae0ec66003c76e0644d1b53d6ac110b73e5ed"},
    {file = "pyodbc-5.0.1-cp310-cp310-manylinux_2_17_aarch64.manylinux2014_aarch64.whl", hash = "sha256:dd4a9ec6d0b31118f3c46020d9784923b99873585919d08e67d95bbf6ab99716"},
    {file = "pyodbc-5.0.1-cp310-cp310-manylinux_2_17_x86_64.manylinux2014_x86_64.whl", hash = "sha256:654843036b714e4f3f4605fc359690738a3465d333f8297a74841e3990d3eabd"},
    {file = "pyodbc-5.0.1-cp310-cp310-win32.whl", hash = "sha256:c68b3dd0b86d45fdebc566a9596f27b216d25068728bb43a4c961f0fcb9bb970"},
    {file = "pyodbc-5.0.1-cp310-cp310-win_amd64.whl", hash = "sha256:1d7dbef96ebb3eba8bc3f5431694d6e6969d50d0e21f6c4f3b0b2dc9fe8c4f25"},
    {file = "pyodbc-5.0.1-cp311-cp311-macosx_10_9_x86_64.whl", hash = "sha256:459a245ae5409dd2fe6eb8531b907da8d61f72d3b18a6276c82cafe2e4896acf"},
    {file = "pyodbc-5.0.1-cp311-cp311-macosx_11_0_arm64.whl", hash = "sha256:b3ea6ed0fb8a1b46e643cfaba935656b9abe023d4ab66a8f653bf0c5bc1ce74d"},
    {file = "pyodbc-5.0.1-cp311-cp311-manylinux_2_17_aarch64.manylinux2014_aarch64.whl", hash = "sha256:cbfca542a528278a2c43a85d7a6bfde74854d0e7b3cd8c4ab31647bfe5a11069"},
    {file = "pyodbc-5.0.1-cp311-cp311-manylinux_2_17_x86_64.manylinux2014_x86_64.whl", hash = "sha256:8744c48f494bd365529935d3ac6ec15d3e3995e877587e293a3d3110ffcc0374"},
    {file = "pyodbc-5.0.1-cp311-cp311-win32.whl", hash = "sha256:b22474ede5b2841fe67658431f02a3ab9f16601c12a18c0286af435d742c2b71"},
    {file = "pyodbc-5.0.1-cp311-cp311-win_amd64.whl", hash = "sha256:ccc04742bb2fee1f5d2a5b84462f62cd68c346aa274b89b5257e328d41f9d69d"},
    {file = "pyodbc-5.0.1-cp312-cp312-macosx_10_9_x86_64.whl", hash = "sha256:9aef4f14f126ef607897245ff2742532ce0c299aee3c0e48d37bbdf1ff0b9532"},
    {file = "pyodbc-5.0.1-cp312-cp312-macosx_11_0_arm64.whl", hash = "sha256:dbf783d6cc923603de35a648db64c50f6699372188dc32b97a373c4b12694bd1"},
    {file = "pyodbc-5.0.1-cp312-cp312-manylinux_2_17_aarch64.manylinux2014_aarch64.whl", hash = "sha256:d2f32d98f9522de54958e3478d03c1a85c1efc103f378913bc4d9a7b610a3d02"},
    {file = "pyodbc-5.0.1-cp312-cp312-manylinux_2_17_x86_64.manylinux2014_x86_64.whl", hash = "sha256:88d94c4fa53fc5440ce904c987e97316f271c21d3e968090f8fb76baf1a9be90"},
    {file = "pyodbc-5.0.1-cp312-cp312-win32.whl", hash = "sha256:17d25a51823a5c8631fd117c1d352425404cd2116fd75b55aac4cb79da2e8c85"},
    {file = "pyodbc-5.0.1-cp312-cp312-win_amd64.whl", hash = "sha256:3a3204ba4d1374fe8c301a76e04c9e9207d71cc346ca8282a85c20260d135b5d"},
    {file = "pyodbc-5.0.1-cp38-cp38-macosx_10_9_x86_64.whl", hash = "sha256:9ae1d8ba8cbf3680556f147f89948493d3f5bd1ed360bd5ce9807e62e573ed03"},
    {file = "pyodbc-5.0.1-cp38-cp38-macosx_11_0_arm64.whl", hash = "sha256:51162fa1902657a555f5b661eb36516c12b6c11ec84db77c9da3aabc7325fa95"},
    {file = "pyodbc-5.0.1-cp38-cp38-manylinux_2_17_aarch64.manylinux2014_aarch64.whl", hash = "sha256:e3cf639c73fb948fa2744e52de316b033b95f852960aae58b63c7dc32a88b4d2"},
    {file = "pyodbc-5.0.1-cp38-cp38-manylinux_2_17_x86_64.manylinux2014_x86_64.whl", hash = "sha256:067015537a20cf893ae675384f99291eade66a7d59bc54f9dedee55ad4290b4c"},
    {file = "pyodbc-5.0.1-cp38-cp38-win32.whl", hash = "sha256:e7ef83973ba56f01e95579ce74c24b72bbd918daf417f33726e21cc01a5bf53c"},
    {file = "pyodbc-5.0.1-cp38-cp38-win_amd64.whl", hash = "sha256:4e5e4e2b4d5dce80f18d58286f1e7a3e2a79eb49d2c514c56ab043ae00566303"},
    {file = "pyodbc-5.0.1-cp39-cp39-macosx_10_9_x86_64.whl", hash = "sha256:393e51ca84ba5a3983f859d50ef029d243cb2c7a5b1ef0ddc36479ff49780078"},
    {file = "pyodbc-5.0.1-cp39-cp39-macosx_11_0_arm64.whl", hash = "sha256:d109b7955864f11d5e0c813e6b886a2829422cd7b59c61870dc5e0fa7904f132"},
    {file = "pyodbc-5.0.1-cp39-cp39-manylinux_2_17_aarch64.manylinux2014_aarch64.whl", hash = "sha256:b704e481c5973155eebed3730b9769c349b0338ad6fa7b0d7191cc30f3303e0a"},
    {file = "pyodbc-5.0.1-cp39-cp39-manylinux_2_17_x86_64.manylinux2014_x86_64.whl", hash = "sha256:b1b38d3adc4c9911b46cff3b1a8293e25c3a18c465d13483624a07bc1056c36a"},
    {file = "pyodbc-5.0.1-cp39-cp39-win32.whl", hash = "sha256:ce553cdf33663c6496175a11f32b684bb38cdffb9b185f3967037d369161715c"},
    {file = "pyodbc-5.0.1-cp39-cp39-win_amd64.whl", hash = "sha256:87df79b524928d8c65475099b1cce3cfea66ef2c332ecb027fa6455c4916ad26"},
    {file = "pyodbc-5.0.1.tar.gz", hash = "sha256:03d7d0b04d5a9156099ce8d03e92f3956783746fa9234eb6f5b5cfc12b645011"},
]

[[package]]
name = "python-dateutil"
version = "2.8.2"
description = "Extensions to the standard Python datetime module"
category = "main"
optional = false
python-versions = "!=3.0.*,!=3.1.*,!=3.2.*,>=2.7"
files = [
    {file = "python-dateutil-2.8.2.tar.gz", hash = "sha256:0123cacc1627ae19ddf3c27a5de5bd67ee4586fbdd6440d9748f8abb483d3e86"},
    {file = "python_dateutil-2.8.2-py2.py3-none-any.whl", hash = "sha256:961d03dc3453ebbc59dbdea9e4e11c5651520a876d0f4db161e8674aae935da9"},
]

[package.dependencies]
six = ">=1.5"

[[package]]
name = "pytz"
version = "2023.4"
description = "World timezone definitions, modern and historical"
category = "main"
optional = false
python-versions = "*"
files = [
    {file = "pytz-2023.4-py2.py3-none-any.whl", hash = "sha256:f90ef520d95e7c46951105338d918664ebfd6f1d995bd7d153127ce90efafa6a"},
    {file = "pytz-2023.4.tar.gz", hash = "sha256:31d4583c4ed539cd037956140d695e42c033a19e984bfce9964a3f7d59bc2b40"},
]

[[package]]
name = "shipyard-templates"
version = "0.5.0a0"
description = "Super classes for blueprint development"
category = "main"
optional = false
python-versions = ">=3.7,<3.10"
files = [
    {file = "shipyard_templates-0.5.0a0-py3-none-any.whl", hash = "sha256:e9776fd24097416fc8542017c69313caee7d6286ecc9868f143af1874b399c3d"},
    {file = "shipyard_templates-0.5.0a0.tar.gz", hash = "sha256:7d570f41e65b1da3e4b3809a61abe9cfa4629a1b9d9fe6fa2aadbbd5da3be70a"},
]

[[package]]
name = "six"
version = "1.16.0"
description = "Python 2 and 3 compatibility utilities"
category = "main"
optional = false
python-versions = ">=2.7, !=3.0.*, !=3.1.*, !=3.2.*"
files = [
    {file = "six-1.16.0-py2.py3-none-any.whl", hash = "sha256:8abb2f1d86890a2dfb989f9a77cfcfd3e47c2a354b01111771326f8aa26e0254"},
    {file = "six-1.16.0.tar.gz", hash = "sha256:1e61c37477a1626458e36f7b1d82aa5c9b094fa4802892072e49de9c60c4c926"},
]

[[package]]
name = "sqlalchemy"
version = "1.3.18"
description = "Database Abstraction Library"
category = "main"
optional = false
python-versions = ">=2.7, !=3.0.*, !=3.1.*, !=3.2.*, !=3.3.*"
files = [
    {file = "SQLAlchemy-1.3.18-cp27-cp27m-macosx_10_14_x86_64.whl", hash = "sha256:f11c2437fb5f812d020932119ba02d9e2bc29a6eca01a055233a8b449e3e1e7d"},
    {file = "SQLAlchemy-1.3.18-cp27-cp27m-manylinux1_x86_64.whl", hash = "sha256:0ec575db1b54909750332c2e335c2bb11257883914a03bc5a3306a4488ecc772"},
    {file = "SQLAlchemy-1.3.18-cp27-cp27m-manylinux2010_x86_64.whl", hash = "sha256:f57be5673e12763dd400fea568608700a63ce1c6bd5bdbc3cc3a2c5fdb045274"},
    {file = "SQLAlchemy-1.3.18-cp27-cp27m-win32.whl", hash = "sha256:8cac7bb373a5f1423e28de3fd5fc8063b9c8ffe8957dc1b1a59cb90453db6da1"},
    {file = "SQLAlchemy-1.3.18-cp27-cp27m-win_amd64.whl", hash = "sha256:adad60eea2c4c2a1875eb6305a0b6e61a83163f8e233586a4d6a55221ef984fe"},
    {file = "SQLAlchemy-1.3.18-cp27-cp27mu-manylinux1_x86_64.whl", hash = "sha256:57aa843b783179ab72e863512e14bdcba186641daf69e4e3a5761d705dcc35b1"},
    {file = "SQLAlchemy-1.3.18-cp27-cp27mu-manylinux2010_x86_64.whl", hash = "sha256:621f58cd921cd71ba6215c42954ffaa8a918eecd8c535d97befa1a8acad986dd"},
    {file = "SQLAlchemy-1.3.18-cp35-cp35m-macosx_10_14_x86_64.whl", hash = "sha256:fc728ece3d5c772c196fd338a99798e7efac7a04f9cb6416299a3638ee9a94cd"},
    {file = "SQLAlchemy-1.3.18-cp35-cp35m-manylinux1_x86_64.whl", hash = "sha256:736d41cfebedecc6f159fc4ac0769dc89528a989471dc1d378ba07d29a60ba1c"},
    {file = "SQLAlchemy-1.3.18-cp35-cp35m-manylinux2010_x86_64.whl", hash = "sha256:427273b08efc16a85aa2b39892817e78e3ed074fcb89b2a51c4979bae7e7ba98"},
    {file = "SQLAlchemy-1.3.18-cp35-cp35m-win32.whl", hash = "sha256:cbe1324ef52ff26ccde2cb84b8593c8bf930069dfc06c1e616f1bfd4e47f48a3"},
    {file = "SQLAlchemy-1.3.18-cp35-cp35m-win_amd64.whl", hash = "sha256:8fd452dc3d49b3cc54483e033de6c006c304432e6f84b74d7b2c68afa2569ae5"},
    {file = "SQLAlchemy-1.3.18-cp36-cp36m-macosx_10_14_x86_64.whl", hash = "sha256:e89e0d9e106f8a9180a4ca92a6adde60c58b1b0299e1b43bd5e0312f535fbf33"},
    {file = "SQLAlchemy-1.3.18-cp36-cp36m-manylinux1_x86_64.whl", hash = "sha256:6ac2558631a81b85e7fb7a44e5035347938b0a73f5fdc27a8566777d0792a6a4"},
    {file = "SQLAlchemy-1.3.18-cp36-cp36m-manylinux2010_x86_64.whl", hash = "sha256:87fad64529cde4f1914a5b9c383628e1a8f9e3930304c09cf22c2ae118a1280e"},
    {file = "SQLAlchemy-1.3.18-cp36-cp36m-win32.whl", hash = "sha256:e4624d7edb2576cd72bb83636cd71c8ce544d8e272f308bd80885056972ca299"},
    {file = "SQLAlchemy-1.3.18-cp36-cp36m-win_amd64.whl", hash = "sha256:89494df7f93b1836cae210c42864b292f9b31eeabca4810193761990dc689cce"},
    {file = "SQLAlchemy-1.3.18-cp37-cp37m-macosx_10_14_x86_64.whl", hash = "sha256:716754d0b5490bdcf68e1e4925edc02ac07209883314ad01a137642ddb2056f1"},
    {file = "SQLAlchemy-1.3.18-cp37-cp37m-manylinux1_x86_64.whl", hash = "sha256:50c4ee32f0e1581828843267d8de35c3298e86ceecd5e9017dc45788be70a864"},
    {file = "SQLAlchemy-1.3.18-cp37-cp37m-manylinux2010_x86_64.whl", hash = "sha256:d98bc827a1293ae767c8f2f18be3bb5151fd37ddcd7da2a5f9581baeeb7a3fa1"},
    {file = "SQLAlchemy-1.3.18-cp37-cp37m-win32.whl", hash = "sha256:0942a3a0df3f6131580eddd26d99071b48cfe5aaf3eab2783076fbc5a1c1882e"},
    {file = "SQLAlchemy-1.3.18-cp37-cp37m-win_amd64.whl", hash = "sha256:16593fd748944726540cd20f7e83afec816c2ac96b082e26ae226e8f7e9688cf"},
    {file = "SQLAlchemy-1.3.18-cp38-cp38-macosx_10_14_x86_64.whl", hash = "sha256:c26f95e7609b821b5f08a72dab929baa0d685406b953efd7c89423a511d5c413"},
    {file = "SQLAlchemy-1.3.18-cp38-cp38-manylinux1_x86_64.whl", hash = "sha256:512a85c3c8c3995cc91af3e90f38f460da5d3cade8dc3a229c8e0879037547c9"},
    {file = "SQLAlchemy-1.3.18-cp38-cp38-manylinux2010_x86_64.whl", hash = "sha256:d05c4adae06bd0c7f696ae3ec8d993ed8ffcc4e11a76b1b35a5af8a099bd2284"},
    {file = "SQLAlchemy-1.3.18-cp38-cp38-win32.whl", hash = "sha256:109581ccc8915001e8037b73c29590e78ce74be49ca0a3630a23831f9e3ed6c7"},
    {file = "SQLAlchemy-1.3.18-cp38-cp38-win_amd64.whl", hash = "sha256:8619b86cb68b185a778635be5b3e6018623c0761dde4df2f112896424aa27bd8"},
    {file = "SQLAlchemy-1.3.18.tar.gz", hash = "sha256:da2fb75f64792c1fc64c82313a00c728a7c301efe6a60b7a9fe35b16b4368ce7"},
]

[package.extras]
mssql = ["pyodbc"]
mssql-pymssql = ["pymssql"]
mssql-pyodbc = ["pyodbc"]
mysql = ["mysqlclient"]
oracle = ["cx-oracle"]
postgresql = ["psycopg2"]
postgresql-pg8000 = ["pg8000"]
postgresql-psycopg2binary = ["psycopg2-binary"]
postgresql-psycopg2cffi = ["psycopg2cffi"]
pymysql = ["pymysql"]

[metadata]
lock-version = "2.0"
python-versions = ">=3.9,<3.10"
content-hash = "6e55595b34eff3b7bc0d68cadc87b7fd3a109b4fb8abafa7efa1c1fd2b03aee0"
